
Microsoft Visual Studio Solution File, Format Version 12.00
# Visual Studio 15
VisualStudioVersion = 15.0.28307.271
MinimumVisualStudioVersion = 10.0.40219.1
Project("{2150E333-8FDC-42A3-9474-1A3956D46DE8}") = "src", "src", "{115B3994-E30D-40EC-8879-D45EDE53B50E}"
EndProject
Project("{2150E333-8FDC-42A3-9474-1A3956D46DE8}") = "Services", "Services", "{68194956-0A03-4365-A213-2EE7993D9811}"
EndProject
Project("{2150E333-8FDC-42A3-9474-1A3956D46DE8}") = "Test", "Test", "{896E900F-3A3E-4104-ADBE-383AE01E7D15}"
EndProject
Project("{9A19103F-16F7-4668-BE54-9A1E7A4F7556}") = "ApiInitSesionUser", "src\Services\ApiInitSesionUser\ApiInitSesionUser.csproj", "{AC9447AD-9576-43EA-88EA-CB6A2B3A00E4}"
EndProject
Project("{9A19103F-16F7-4668-BE54-9A1E7A4F7556}") = "XUnitTestSM", "src\Test\XUnitTestSM\XUnitTestSM.csproj", "{89502FE1-E0CD-4D9E-BFFF-3E3FA2506097}"
EndProject
Project("{9A19103F-16F7-4668-BE54-9A1E7A4F7556}") = "ApiCreateCampaign", "src\Services\ApiCreateCampaign\ApiCreateCampaign.csproj", "{1691E9D8-3A3D-4D7C-AEF0-8ABA9806FE85}"
EndProject
Project("{9A19103F-16F7-4668-BE54-9A1E7A4F7556}") = "ApiDeleteCampaign", "src\Services\ApiDeleteCampaign\ApiDeleteCampaign.csproj", "{6ECEA576-24AA-4E03-8062-7A4186C86F2C}"
EndProject
Project("{9A19103F-16F7-4668-BE54-9A1E7A4F7556}") = "ApiEmailSends", "src\Services\ApiEmailSends\ApiEmailSends.csproj", "{DA7732EA-2403-4390-8951-4AC814127904}"
EndProject
Project("{9A19103F-16F7-4668-BE54-9A1E7A4F7556}") = "ApiExportExcel", "src\Services\ApiExportExcel\ApiExportExcel.csproj", "{A75A8B1B-8ECB-4DC4-8C69-60E5A00DA43E}"
EndProject
Project("{9A19103F-16F7-4668-BE54-9A1E7A4F7556}") = "ApiHistoryCampaign", "src\Services\ApiHistoryCampaign\ApiHistoryCampaign.csproj", "{A76DB905-6274-4F55-B578-27024BC3C944}"
EndProject
Project("{9A19103F-16F7-4668-BE54-9A1E7A4F7556}") = "ApiUserRegister", "src\Services\ApiUserRegister\ApiUserRegister.csproj", "{C3365F6F-37B1-43EB-877C-E4F49BD1FF9F}"
EndProject
Project("{2150E333-8FDC-42A3-9474-1A3956D46DE8}") = "Crosscutting", "Crosscutting", "{F9CF5ED4-0292-4C82-A0D8-6A2CFE4A117C}"
EndProject
Project("{2150E333-8FDC-42A3-9474-1A3956D46DE8}") = "Models", "Models", "{ADFC5A6A-E606-4EDB-AC7F-DD1128ED5615}"
EndProject
Project("{9A19103F-16F7-4668-BE54-9A1E7A4F7556}") = "SM.CrossCutting.Models.Models", "src\Crosscutting\Models\SM.CrossCutting.Models.Models\SM.CrossCutting.Models.Models.csproj", "{2935C9EF-6310-4E72-A788-A0D0C06A2134}"
EndProject
Project("{2150E333-8FDC-42A3-9474-1A3956D46DE8}") = "Core", "Core", "{69A448C4-B249-43E5-8F9F-3F02CF41A41C}"
EndProject
Project("{2150E333-8FDC-42A3-9474-1A3956D46DE8}") = "ExportExcel", "ExportExcel", "{4E09E331-3D63-414D-9358-26920BA480A9}"
EndProject
Project("{2150E333-8FDC-42A3-9474-1A3956D46DE8}") = "Interfaces", "Interfaces", "{0AD7F01D-776F-4048-8820-F7924F7153F4}"
EndProject
Project("{2150E333-8FDC-42A3-9474-1A3956D46DE8}") = "Implementation", "Implementation", "{F2AFF460-30AA-4EDF-AB4A-671FB3E5B4CC}"
EndProject
Project("{9A19103F-16F7-4668-BE54-9A1E7A4F7556}") = "FM.Core.ExportExcel.Interfaces", "src\Core\ExportExcel\Interfaces\FM.Core.ExportExcel.Interfaces\FM.Core.ExportExcel.Interfaces.csproj", "{92404A2D-8EDF-45EE-82C2-86959A665F28}"
EndProject
Project("{9A19103F-16F7-4668-BE54-9A1E7A4F7556}") = "FM.Core.ExportExcel.Implentation", "src\Core\ExportExcel\Implementation\FM.Core.ExportExcel.Implentation\FM.Core.ExportExcel.Implentation.csproj", "{223F97F8-84CF-481F-BD5B-A04F86CFE1EE}"
EndProject
Project("{2150E333-8FDC-42A3-9474-1A3956D46DE8}") = "UserRegister", "UserRegister", "{AF916FFC-E225-4C19-879A-E460037A6A8E}"
EndProject
Project("{2150E333-8FDC-42A3-9474-1A3956D46DE8}") = "Implementation", "Implementation", "{B9EC1F1B-68C4-4F13-819D-0D13EC2AAE5A}"
EndProject
Project("{2150E333-8FDC-42A3-9474-1A3956D46DE8}") = "Interfaces", "Interfaces", "{95E7F851-8D27-4B24-AD60-0AF3D63CBA4A}"
EndProject
Project("{2150E333-8FDC-42A3-9474-1A3956D46DE8}") = "Data", "Data", "{7373C890-1B38-490F-93A6-76E6BB93DFE2}"
EndProject
Project("{2150E333-8FDC-42A3-9474-1A3956D46DE8}") = "Providers", "Providers", "{A5F3175E-9A0A-427B-AD82-EECD990F7097}"
EndProject
Project("{2150E333-8FDC-42A3-9474-1A3956D46DE8}") = "Sql", "Sql", "{E34CA734-2391-4116-94CE-8F87678E5D02}"
EndProject
Project("{9A19103F-16F7-4668-BE54-9A1E7A4F7556}") = "SM.Data.Providers.Sql", "src\Data\Providers\Sql\SM.Data.Providers.Sql\SM.Data.Providers.Sql.csproj", "{D2785A54-5397-4068-9958-E583DCBFC838}"
EndProject
Project("{9A19103F-16F7-4668-BE54-9A1E7A4F7556}") = "FM.Core.UserRegister.Implementation", "src\Core\UserRegister\Implementation\FM.Core.UserRegister.Implementation\FM.Core.UserRegister.Implementation.csproj", "{ADC3BC51-BDD0-45E5-B8A2-42BA5A171685}"
EndProject
Project("{9A19103F-16F7-4668-BE54-9A1E7A4F7556}") = "FM.Core.UserRegister.Interfaces", "src\Core\UserRegister\Interfaces\FM.Core.UserRegister.Interfaces\FM.Core.UserRegister.Interfaces.csproj", "{B38F9EDE-67CA-4D92-B70C-FECC1482208C}"
EndProject
Project("{2150E333-8FDC-42A3-9474-1A3956D46DE8}") = "DeleteCampaign", "DeleteCampaign", "{70B6D348-870B-4409-A287-A6FF1F0E9842}"
EndProject
Project("{2150E333-8FDC-42A3-9474-1A3956D46DE8}") = "CreateCampaign", "CreateCampaign", "{96679B16-1F93-4767-8E15-E5042EDB7E8C}"
EndProject
Project("{2150E333-8FDC-42A3-9474-1A3956D46DE8}") = "Implementation", "Implementation", "{2439A0B3-1080-47B2-930D-5BC5CD099ACC}"
EndProject
Project("{2150E333-8FDC-42A3-9474-1A3956D46DE8}") = "Interfaces", "Interfaces", "{0D052DF4-805D-4A0E-BDAF-C6147CA8A8AA}"
EndProject
Project("{9A19103F-16F7-4668-BE54-9A1E7A4F7556}") = "SM.Core.CreateCampaign.Implementation", "src\Core\CreateCampaign\Implementation\SM.Core.CreateCampaign.Implementation\SM.Core.CreateCampaign.Implementation.csproj", "{02AE6212-2E2A-401D-9378-C93E269D8902}"
EndProject
Project("{9A19103F-16F7-4668-BE54-9A1E7A4F7556}") = "SM.Core.CreateCampaign.Interfaces", "src\Core\CreateCampaign\Interfaces\SM.Core.CreateCampaign.Interfaces\SM.Core.CreateCampaign.Interfaces.csproj", "{5C4AD139-9DF9-44A0-BA73-BD5F08AF585D}"
EndProject
Project("{2150E333-8FDC-42A3-9474-1A3956D46DE8}") = "Implementation", "Implementation", "{7382A647-814B-4380-99DB-4E190705EF29}"
EndProject
Project("{2150E333-8FDC-42A3-9474-1A3956D46DE8}") = "Interfaces", "Interfaces", "{50B1799E-0A9D-4E0D-886A-66AD1FE130FB}"
EndProject
Project("{9A19103F-16F7-4668-BE54-9A1E7A4F7556}") = "SM.Core.DeleteCompaign.Implementation", "src\Core\DeleteCompaign\Implementation\SM.Core.DeleteCompaign.Implementation\SM.Core.DeleteCompaign.Implementation.csproj", "{B8167B2D-DF9A-4AED-B931-9607847F98E6}"
EndProject
Project("{9A19103F-16F7-4668-BE54-9A1E7A4F7556}") = "SM.Core.DeleteCompaign.Interfaces", "src\Core\DeleteCompaign\Interfaces\SM.Core.DeleteCompaign.Interfaces\SM.Core.DeleteCompaign.Interfaces.csproj", "{0B2A9886-895B-49B8-970E-27A65DB88DE2}"
EndProject
Project("{2150E333-8FDC-42A3-9474-1A3956D46DE8}") = "HistoryCompaign", "HistoryCompaign", "{3433EC45-E187-4549-94EA-7E043F585637}"
EndProject
Project("{2150E333-8FDC-42A3-9474-1A3956D46DE8}") = "Interfaces", "Interfaces", "{4DF01758-D0F4-4D08-A407-882EA4346034}"
EndProject
Project("{2150E333-8FDC-42A3-9474-1A3956D46DE8}") = "Implementation", "Implementation", "{DEF9D48C-85B8-47FB-B122-2DCEC154B584}"
EndProject
Project("{9A19103F-16F7-4668-BE54-9A1E7A4F7556}") = "SM.Core.HistoryCompaign.Interfaces", "src\Core\HistoryCompaign\Interfaces\SM.Core.HistoryCompaign.Interfaces\SM.Core.HistoryCompaign.Interfaces.csproj", "{543C4852-4D91-42FE-879E-3C94CAB51E60}"
EndProject
Project("{9A19103F-16F7-4668-BE54-9A1E7A4F7556}") = "SM.Core.HistoryCompaign.Implementation", "src\Core\HistoryCompaign\Implementation\SM.Core.HistoryCompaign.Implementation\SM.Core.HistoryCompaign.Implementation.csproj", "{AB334088-68FD-49BA-AEA9-354FA860A01C}"
EndProject
Project("{2150E333-8FDC-42A3-9474-1A3956D46DE8}") = "EmailSends", "EmailSends", "{5F56ADD8-D81A-4E87-A62A-565EBE44D162}"
EndProject
Project("{2150E333-8FDC-42A3-9474-1A3956D46DE8}") = "Interfaces", "Interfaces", "{EA306133-9973-47DF-B9FA-38F128FD75E9}"
EndProject
Project("{2150E333-8FDC-42A3-9474-1A3956D46DE8}") = "Implementation", "Implementation", "{72229A4F-F0E8-4F76-AB9F-523CDE6687FE}"
EndProject
Project("{9A19103F-16F7-4668-BE54-9A1E7A4F7556}") = "SM.Core.EmailSends.Implementation", "src\Core\EmailSends\Implementation\SM.Core.EmailSends.Implementation\SM.Core.EmailSends.Implementation.csproj", "{CDCFCC1F-54E6-4D72-B518-A9BA7E39306D}"
EndProject
Project("{9A19103F-16F7-4668-BE54-9A1E7A4F7556}") = "SM.Core.EmailSends.Interfaces", "src\Core\EmailSends\Interfaces\SM.Core.EmailSends.Interfaces\SM.Core.EmailSends.Interfaces.csproj", "{0A467D45-000F-441F-B61F-047692E0F985}"
EndProject
Project("{2150E333-8FDC-42A3-9474-1A3956D46DE8}") = "Utils", "Utils", "{C334DD9B-898B-47EC-9E2D-913732B3FA81}"
EndProject
Project("{FAE04EC0-301F-11D3-BF4B-00C04F79EFBC}") = "SM.Core.Crosscutting.Utils", "src\Crosscutting\Utils\SM.Core.Crosscutting.Utils\SM.Core.Crosscutting.Utils.csproj", "{0054D81C-B158-4277-9017-80287FC1F890}"
EndProject
Project("{2150E333-8FDC-42A3-9474-1A3956D46DE8}") = "InitSesion", "InitSesion", "{81A3C726-ADB5-4B2A-91C5-48ED818A1C2E}"
EndProject
Project("{2150E333-8FDC-42A3-9474-1A3956D46DE8}") = "Implementation", "Implementation", "{CF638FC8-5092-426B-900B-32CBBDA67A6D}"
EndProject
Project("{2150E333-8FDC-42A3-9474-1A3956D46DE8}") = "Interfaces", "Interfaces", "{089CB908-48B5-4DB5-9426-B1880AF2799A}"
EndProject
Project("{FAE04EC0-301F-11D3-BF4B-00C04F79EFBC}") = "SM.Core.InitSesion.Implementation", "src\Core\InitSesion\Implementation\SM.Core.InitSesion.Implementation\SM.Core.InitSesion.Implementation.csproj", "{8A2102A2-BD7B-4FFC-9717-3E5680729B63}"
EndProject
Project("{FAE04EC0-301F-11D3-BF4B-00C04F79EFBC}") = "SM.Core.InitSesion.Interfaces.IInitSesion", "src\Core\InitSesion\Interfaces\SM.Core.InitSesion.Interfaces.IInitSesion\SM.Core.InitSesion.Interfaces.IInitSesion.csproj", "{478E592E-F46D-4106-9E72-6AE026FCA010}"
EndProject
Global
	GlobalSection(SolutionConfigurationPlatforms) = preSolution
		Debug|Any CPU = Debug|Any CPU
		Release|Any CPU = Release|Any CPU
	EndGlobalSection
	GlobalSection(ProjectConfigurationPlatforms) = postSolution
		{AC9447AD-9576-43EA-88EA-CB6A2B3A00E4}.Debug|Any CPU.ActiveCfg = Debug|Any CPU
		{AC9447AD-9576-43EA-88EA-CB6A2B3A00E4}.Debug|Any CPU.Build.0 = Debug|Any CPU
		{AC9447AD-9576-43EA-88EA-CB6A2B3A00E4}.Release|Any CPU.ActiveCfg = Release|Any CPU
		{AC9447AD-9576-43EA-88EA-CB6A2B3A00E4}.Release|Any CPU.Build.0 = Release|Any CPU
		{89502FE1-E0CD-4D9E-BFFF-3E3FA2506097}.Debug|Any CPU.ActiveCfg = Debug|Any CPU
		{89502FE1-E0CD-4D9E-BFFF-3E3FA2506097}.Debug|Any CPU.Build.0 = Debug|Any CPU
		{89502FE1-E0CD-4D9E-BFFF-3E3FA2506097}.Release|Any CPU.ActiveCfg = Release|Any CPU
		{89502FE1-E0CD-4D9E-BFFF-3E3FA2506097}.Release|Any CPU.Build.0 = Release|Any CPU
		{1691E9D8-3A3D-4D7C-AEF0-8ABA9806FE85}.Debug|Any CPU.ActiveCfg = Debug|Any CPU
		{1691E9D8-3A3D-4D7C-AEF0-8ABA9806FE85}.Debug|Any CPU.Build.0 = Debug|Any CPU
		{1691E9D8-3A3D-4D7C-AEF0-8ABA9806FE85}.Release|Any CPU.ActiveCfg = Release|Any CPU
		{1691E9D8-3A3D-4D7C-AEF0-8ABA9806FE85}.Release|Any CPU.Build.0 = Release|Any CPU
		{6ECEA576-24AA-4E03-8062-7A4186C86F2C}.Debug|Any CPU.ActiveCfg = Debug|Any CPU
		{6ECEA576-24AA-4E03-8062-7A4186C86F2C}.Debug|Any CPU.Build.0 = Debug|Any CPU
		{6ECEA576-24AA-4E03-8062-7A4186C86F2C}.Release|Any CPU.ActiveCfg = Release|Any CPU
		{6ECEA576-24AA-4E03-8062-7A4186C86F2C}.Release|Any CPU.Build.0 = Release|Any CPU
		{DA7732EA-2403-4390-8951-4AC814127904}.Debug|Any CPU.ActiveCfg = Debug|Any CPU
		{DA7732EA-2403-4390-8951-4AC814127904}.Debug|Any CPU.Build.0 = Debug|Any CPU
		{DA7732EA-2403-4390-8951-4AC814127904}.Release|Any CPU.ActiveCfg = Release|Any CPU
		{DA7732EA-2403-4390-8951-4AC814127904}.Release|Any CPU.Build.0 = Release|Any CPU
		{A75A8B1B-8ECB-4DC4-8C69-60E5A00DA43E}.Debug|Any CPU.ActiveCfg = Debug|Any CPU
		{A75A8B1B-8ECB-4DC4-8C69-60E5A00DA43E}.Debug|Any CPU.Build.0 = Debug|Any CPU
		{A75A8B1B-8ECB-4DC4-8C69-60E5A00DA43E}.Release|Any CPU.ActiveCfg = Release|Any CPU
		{A75A8B1B-8ECB-4DC4-8C69-60E5A00DA43E}.Release|Any CPU.Build.0 = Release|Any CPU
		{A76DB905-6274-4F55-B578-27024BC3C944}.Debug|Any CPU.ActiveCfg = Debug|Any CPU
		{A76DB905-6274-4F55-B578-27024BC3C944}.Debug|Any CPU.Build.0 = Debug|Any CPU
		{A76DB905-6274-4F55-B578-27024BC3C944}.Release|Any CPU.ActiveCfg = Release|Any CPU
		{A76DB905-6274-4F55-B578-27024BC3C944}.Release|Any CPU.Build.0 = Release|Any CPU
		{C3365F6F-37B1-43EB-877C-E4F49BD1FF9F}.Debug|Any CPU.ActiveCfg = Debug|Any CPU
		{C3365F6F-37B1-43EB-877C-E4F49BD1FF9F}.Debug|Any CPU.Build.0 = Debug|Any CPU
		{C3365F6F-37B1-43EB-877C-E4F49BD1FF9F}.Release|Any CPU.ActiveCfg = Release|Any CPU
		{C3365F6F-37B1-43EB-877C-E4F49BD1FF9F}.Release|Any CPU.Build.0 = Release|Any CPU
		{2935C9EF-6310-4E72-A788-A0D0C06A2134}.Debug|Any CPU.ActiveCfg = Debug|Any CPU
		{2935C9EF-6310-4E72-A788-A0D0C06A2134}.Debug|Any CPU.Build.0 = Debug|Any CPU
		{2935C9EF-6310-4E72-A788-A0D0C06A2134}.Release|Any CPU.ActiveCfg = Release|Any CPU
		{2935C9EF-6310-4E72-A788-A0D0C06A2134}.Release|Any CPU.Build.0 = Release|Any CPU
		{92404A2D-8EDF-45EE-82C2-86959A665F28}.Debug|Any CPU.ActiveCfg = Debug|Any CPU
		{92404A2D-8EDF-45EE-82C2-86959A665F28}.Debug|Any CPU.Build.0 = Debug|Any CPU
		{92404A2D-8EDF-45EE-82C2-86959A665F28}.Release|Any CPU.ActiveCfg = Release|Any CPU
		{92404A2D-8EDF-45EE-82C2-86959A665F28}.Release|Any CPU.Build.0 = Release|Any CPU
		{223F97F8-84CF-481F-BD5B-A04F86CFE1EE}.Debug|Any CPU.ActiveCfg = Debug|Any CPU
		{223F97F8-84CF-481F-BD5B-A04F86CFE1EE}.Debug|Any CPU.Build.0 = Debug|Any CPU
		{223F97F8-84CF-481F-BD5B-A04F86CFE1EE}.Release|Any CPU.ActiveCfg = Release|Any CPU
		{223F97F8-84CF-481F-BD5B-A04F86CFE1EE}.Release|Any CPU.Build.0 = Release|Any CPU
		{D2785A54-5397-4068-9958-E583DCBFC838}.Debug|Any CPU.ActiveCfg = Debug|Any CPU
		{D2785A54-5397-4068-9958-E583DCBFC838}.Debug|Any CPU.Build.0 = Debug|Any CPU
		{D2785A54-5397-4068-9958-E583DCBFC838}.Release|Any CPU.ActiveCfg = Release|Any CPU
		{D2785A54-5397-4068-9958-E583DCBFC838}.Release|Any CPU.Build.0 = Release|Any CPU
		{ADC3BC51-BDD0-45E5-B8A2-42BA5A171685}.Debug|Any CPU.ActiveCfg = Debug|Any CPU
		{ADC3BC51-BDD0-45E5-B8A2-42BA5A171685}.Debug|Any CPU.Build.0 = Debug|Any CPU
		{ADC3BC51-BDD0-45E5-B8A2-42BA5A171685}.Release|Any CPU.ActiveCfg = Release|Any CPU
		{ADC3BC51-BDD0-45E5-B8A2-42BA5A171685}.Release|Any CPU.Build.0 = Release|Any CPU
		{B38F9EDE-67CA-4D92-B70C-FECC1482208C}.Debug|Any CPU.ActiveCfg = Debug|Any CPU
		{B38F9EDE-67CA-4D92-B70C-FECC1482208C}.Debug|Any CPU.Build.0 = Debug|Any CPU
		{B38F9EDE-67CA-4D92-B70C-FECC1482208C}.Release|Any CPU.ActiveCfg = Release|Any CPU
		{B38F9EDE-67CA-4D92-B70C-FECC1482208C}.Release|Any CPU.Build.0 = Release|Any CPU
		{02AE6212-2E2A-401D-9378-C93E269D8902}.Debug|Any CPU.ActiveCfg = Debug|Any CPU
		{02AE6212-2E2A-401D-9378-C93E269D8902}.Debug|Any CPU.Build.0 = Debug|Any CPU
		{02AE6212-2E2A-401D-9378-C93E269D8902}.Release|Any CPU.ActiveCfg = Release|Any CPU
		{02AE6212-2E2A-401D-9378-C93E269D8902}.Release|Any CPU.Build.0 = Release|Any CPU
		{5C4AD139-9DF9-44A0-BA73-BD5F08AF585D}.Debug|Any CPU.ActiveCfg = Debug|Any CPU
		{5C4AD139-9DF9-44A0-BA73-BD5F08AF585D}.Debug|Any CPU.Build.0 = Debug|Any CPU
		{5C4AD139-9DF9-44A0-BA73-BD5F08AF585D}.Release|Any CPU.ActiveCfg = Release|Any CPU
		{5C4AD139-9DF9-44A0-BA73-BD5F08AF585D}.Release|Any CPU.Build.0 = Release|Any CPU
		{B8167B2D-DF9A-4AED-B931-9607847F98E6}.Debug|Any CPU.ActiveCfg = Debug|Any CPU
		{B8167B2D-DF9A-4AED-B931-9607847F98E6}.Debug|Any CPU.Build.0 = Debug|Any CPU
		{B8167B2D-DF9A-4AED-B931-9607847F98E6}.Release|Any CPU.ActiveCfg = Release|Any CPU
		{B8167B2D-DF9A-4AED-B931-9607847F98E6}.Release|Any CPU.Build.0 = Release|Any CPU
		{0B2A9886-895B-49B8-970E-27A65DB88DE2}.Debug|Any CPU.ActiveCfg = Debug|Any CPU
		{0B2A9886-895B-49B8-970E-27A65DB88DE2}.Debug|Any CPU.Build.0 = Debug|Any CPU
		{0B2A9886-895B-49B8-970E-27A65DB88DE2}.Release|Any CPU.ActiveCfg = Release|Any CPU
		{0B2A9886-895B-49B8-970E-27A65DB88DE2}.Release|Any CPU.Build.0 = Release|Any CPU
		{543C4852-4D91-42FE-879E-3C94CAB51E60}.Debug|Any CPU.ActiveCfg = Debug|Any CPU
		{543C4852-4D91-42FE-879E-3C94CAB51E60}.Debug|Any CPU.Build.0 = Debug|Any CPU
		{543C4852-4D91-42FE-879E-3C94CAB51E60}.Release|Any CPU.ActiveCfg = Release|Any CPU
		{543C4852-4D91-42FE-879E-3C94CAB51E60}.Release|Any CPU.Build.0 = Release|Any CPU
		{AB334088-68FD-49BA-AEA9-354FA860A01C}.Debug|Any CPU.ActiveCfg = Debug|Any CPU
		{AB334088-68FD-49BA-AEA9-354FA860A01C}.Debug|Any CPU.Build.0 = Debug|Any CPU
		{AB334088-68FD-49BA-AEA9-354FA860A01C}.Release|Any CPU.ActiveCfg = Release|Any CPU
		{AB334088-68FD-49BA-AEA9-354FA860A01C}.Release|Any CPU.Build.0 = Release|Any CPU
		{CDCFCC1F-54E6-4D72-B518-A9BA7E39306D}.Debug|Any CPU.ActiveCfg = Debug|Any CPU
		{CDCFCC1F-54E6-4D72-B518-A9BA7E39306D}.Debug|Any CPU.Build.0 = Debug|Any CPU
		{CDCFCC1F-54E6-4D72-B518-A9BA7E39306D}.Release|Any CPU.ActiveCfg = Release|Any CPU
		{CDCFCC1F-54E6-4D72-B518-A9BA7E39306D}.Release|Any CPU.Build.0 = Release|Any CPU
		{0A467D45-000F-441F-B61F-047692E0F985}.Debug|Any CPU.ActiveCfg = Debug|Any CPU
		{0A467D45-000F-441F-B61F-047692E0F985}.Debug|Any CPU.Build.0 = Debug|Any CPU
		{0A467D45-000F-441F-B61F-047692E0F985}.Release|Any CPU.ActiveCfg = Release|Any CPU
		{0A467D45-000F-441F-B61F-047692E0F985}.Release|Any CPU.Build.0 = Release|Any CPU
		{0054D81C-B158-4277-9017-80287FC1F890}.Debug|Any CPU.ActiveCfg = Debug|Any CPU
		{0054D81C-B158-4277-9017-80287FC1F890}.Debug|Any CPU.Build.0 = Debug|Any CPU
		{0054D81C-B158-4277-9017-80287FC1F890}.Release|Any CPU.ActiveCfg = Release|Any CPU
		{0054D81C-B158-4277-9017-80287FC1F890}.Release|Any CPU.Build.0 = Release|Any CPU
		{8A2102A2-BD7B-4FFC-9717-3E5680729B63}.Debug|Any CPU.ActiveCfg = Debug|Any CPU
		{8A2102A2-BD7B-4FFC-9717-3E5680729B63}.Debug|Any CPU.Build.0 = Debug|Any CPU
		{8A2102A2-BD7B-4FFC-9717-3E5680729B63}.Release|Any CPU.ActiveCfg = Release|Any CPU
		{8A2102A2-BD7B-4FFC-9717-3E5680729B63}.Release|Any CPU.Build.0 = Release|Any CPU
		{478E592E-F46D-4106-9E72-6AE026FCA010}.Debug|Any CPU.ActiveCfg = Debug|Any CPU
		{478E592E-F46D-4106-9E72-6AE026FCA010}.Debug|Any CPU.Build.0 = Debug|Any CPU
		{478E592E-F46D-4106-9E72-6AE026FCA010}.Release|Any CPU.ActiveCfg = Release|Any CPU
		{478E592E-F46D-4106-9E72-6AE026FCA010}.Release|Any CPU.Build.0 = Release|Any CPU
	EndGlobalSection
	GlobalSection(SolutionProperties) = preSolution
		HideSolutionNode = FALSE
	EndGlobalSection
	GlobalSection(NestedProjects) = preSolution
		{68194956-0A03-4365-A213-2EE7993D9811} = {115B3994-E30D-40EC-8879-D45EDE53B50E}
		{896E900F-3A3E-4104-ADBE-383AE01E7D15} = {115B3994-E30D-40EC-8879-D45EDE53B50E}
		{AC9447AD-9576-43EA-88EA-CB6A2B3A00E4} = {68194956-0A03-4365-A213-2EE7993D9811}
		{89502FE1-E0CD-4D9E-BFFF-3E3FA2506097} = {896E900F-3A3E-4104-ADBE-383AE01E7D15}
		{1691E9D8-3A3D-4D7C-AEF0-8ABA9806FE85} = {68194956-0A03-4365-A213-2EE7993D9811}
		{6ECEA576-24AA-4E03-8062-7A4186C86F2C} = {68194956-0A03-4365-A213-2EE7993D9811}
		{DA7732EA-2403-4390-8951-4AC814127904} = {68194956-0A03-4365-A213-2EE7993D9811}
		{A75A8B1B-8ECB-4DC4-8C69-60E5A00DA43E} = {68194956-0A03-4365-A213-2EE7993D9811}
		{A76DB905-6274-4F55-B578-27024BC3C944} = {68194956-0A03-4365-A213-2EE7993D9811}
		{C3365F6F-37B1-43EB-877C-E4F49BD1FF9F} = {68194956-0A03-4365-A213-2EE7993D9811}
		{F9CF5ED4-0292-4C82-A0D8-6A2CFE4A117C} = {115B3994-E30D-40EC-8879-D45EDE53B50E}
		{ADFC5A6A-E606-4EDB-AC7F-DD1128ED5615} = {F9CF5ED4-0292-4C82-A0D8-6A2CFE4A117C}
		{2935C9EF-6310-4E72-A788-A0D0C06A2134} = {ADFC5A6A-E606-4EDB-AC7F-DD1128ED5615}
		{69A448C4-B249-43E5-8F9F-3F02CF41A41C} = {115B3994-E30D-40EC-8879-D45EDE53B50E}
		{4E09E331-3D63-414D-9358-26920BA480A9} = {69A448C4-B249-43E5-8F9F-3F02CF41A41C}
		{0AD7F01D-776F-4048-8820-F7924F7153F4} = {4E09E331-3D63-414D-9358-26920BA480A9}
		{F2AFF460-30AA-4EDF-AB4A-671FB3E5B4CC} = {4E09E331-3D63-414D-9358-26920BA480A9}
		{92404A2D-8EDF-45EE-82C2-86959A665F28} = {0AD7F01D-776F-4048-8820-F7924F7153F4}
		{223F97F8-84CF-481F-BD5B-A04F86CFE1EE} = {F2AFF460-30AA-4EDF-AB4A-671FB3E5B4CC}
		{AF916FFC-E225-4C19-879A-E460037A6A8E} = {69A448C4-B249-43E5-8F9F-3F02CF41A41C}
		{B9EC1F1B-68C4-4F13-819D-0D13EC2AAE5A} = {AF916FFC-E225-4C19-879A-E460037A6A8E}
		{95E7F851-8D27-4B24-AD60-0AF3D63CBA4A} = {AF916FFC-E225-4C19-879A-E460037A6A8E}
		{7373C890-1B38-490F-93A6-76E6BB93DFE2} = {115B3994-E30D-40EC-8879-D45EDE53B50E}
		{A5F3175E-9A0A-427B-AD82-EECD990F7097} = {7373C890-1B38-490F-93A6-76E6BB93DFE2}
		{E34CA734-2391-4116-94CE-8F87678E5D02} = {A5F3175E-9A0A-427B-AD82-EECD990F7097}
		{D2785A54-5397-4068-9958-E583DCBFC838} = {E34CA734-2391-4116-94CE-8F87678E5D02}
		{ADC3BC51-BDD0-45E5-B8A2-42BA5A171685} = {B9EC1F1B-68C4-4F13-819D-0D13EC2AAE5A}
		{B38F9EDE-67CA-4D92-B70C-FECC1482208C} = {95E7F851-8D27-4B24-AD60-0AF3D63CBA4A}
		{70B6D348-870B-4409-A287-A6FF1F0E9842} = {69A448C4-B249-43E5-8F9F-3F02CF41A41C}
		{96679B16-1F93-4767-8E15-E5042EDB7E8C} = {69A448C4-B249-43E5-8F9F-3F02CF41A41C}
		{2439A0B3-1080-47B2-930D-5BC5CD099ACC} = {96679B16-1F93-4767-8E15-E5042EDB7E8C}
		{0D052DF4-805D-4A0E-BDAF-C6147CA8A8AA} = {96679B16-1F93-4767-8E15-E5042EDB7E8C}
		{02AE6212-2E2A-401D-9378-C93E269D8902} = {2439A0B3-1080-47B2-930D-5BC5CD099ACC}
		{5C4AD139-9DF9-44A0-BA73-BD5F08AF585D} = {0D052DF4-805D-4A0E-BDAF-C6147CA8A8AA}
		{7382A647-814B-4380-99DB-4E190705EF29} = {70B6D348-870B-4409-A287-A6FF1F0E9842}
		{50B1799E-0A9D-4E0D-886A-66AD1FE130FB} = {70B6D348-870B-4409-A287-A6FF1F0E9842}
		{B8167B2D-DF9A-4AED-B931-9607847F98E6} = {7382A647-814B-4380-99DB-4E190705EF29}
		{0B2A9886-895B-49B8-970E-27A65DB88DE2} = {50B1799E-0A9D-4E0D-886A-66AD1FE130FB}
		{3433EC45-E187-4549-94EA-7E043F585637} = {69A448C4-B249-43E5-8F9F-3F02CF41A41C}
		{4DF01758-D0F4-4D08-A407-882EA4346034} = {3433EC45-E187-4549-94EA-7E043F585637}
		{DEF9D48C-85B8-47FB-B122-2DCEC154B584} = {3433EC45-E187-4549-94EA-7E043F585637}
		{543C4852-4D91-42FE-879E-3C94CAB51E60} = {4DF01758-D0F4-4D08-A407-882EA4346034}
		{AB334088-68FD-49BA-AEA9-354FA860A01C} = {DEF9D48C-85B8-47FB-B122-2DCEC154B584}
		{5F56ADD8-D81A-4E87-A62A-565EBE44D162} = {69A448C4-B249-43E5-8F9F-3F02CF41A41C}
		{EA306133-9973-47DF-B9FA-38F128FD75E9} = {5F56ADD8-D81A-4E87-A62A-565EBE44D162}
		{72229A4F-F0E8-4F76-AB9F-523CDE6687FE} = {5F56ADD8-D81A-4E87-A62A-565EBE44D162}
		{CDCFCC1F-54E6-4D72-B518-A9BA7E39306D} = {72229A4F-F0E8-4F76-AB9F-523CDE6687FE}
		{0A467D45-000F-441F-B61F-047692E0F985} = {EA306133-9973-47DF-B9FA-38F128FD75E9}
		{C334DD9B-898B-47EC-9E2D-913732B3FA81} = {F9CF5ED4-0292-4C82-A0D8-6A2CFE4A117C}
		{0054D81C-B158-4277-9017-80287FC1F890} = {C334DD9B-898B-47EC-9E2D-913732B3FA81}
		{81A3C726-ADB5-4B2A-91C5-48ED818A1C2E} = {69A448C4-B249-43E5-8F9F-3F02CF41A41C}
		{CF638FC8-5092-426B-900B-32CBBDA67A6D} = {81A3C726-ADB5-4B2A-91C5-48ED818A1C2E}
		{089CB908-48B5-4DB5-9426-B1880AF2799A} = {81A3C726-ADB5-4B2A-91C5-48ED818A1C2E}
		{8A2102A2-BD7B-4FFC-9717-3E5680729B63} = {CF638FC8-5092-426B-900B-32CBBDA67A6D}
		{478E592E-F46D-4106-9E72-6AE026FCA010} = {089CB908-48B5-4DB5-9426-B1880AF2799A}
	EndGlobalSection
	GlobalSection(ExtensibilityGlobals) = postSolution
		SolutionGuid = {F6822753-3BD4-4441-9FDB-8BC00F6ACA92}
	EndGlobalSection
EndGlobal
